
Microsoft Visual Studio Solution File, Format Version 12.00
# Visual Studio Version 17
VisualStudioVersion = 17.0.31903.59
MinimumVisualStudioVersion = 10.0.40219.1
Project("{2150E333-8FDC-42A3-9474-1A3956D46DE8}") = "src", "src", "{827E0CD3-B72D-47B6-A68D-7590B98EB39B}"
EndProject
Project("{FAE04EC0-301F-11D3-BF4B-00C04F79EFBC}") = "Pharmacy.Api", "src\Pharmacy.Api\Pharmacy.Api.csproj", "{F93899EB-7661-4ADE-9C6C-28C37A95A358}"
EndProject
Project("{FAE04EC0-301F-11D3-BF4B-00C04F79EFBC}") = "Pharmacy.Application", "src\Pharmacy.Application\Pharmacy.Application.csproj", "{5E133975-AAC5-4751-B79F-633F0CE5B2AD}"
EndProject
Project("{FAE04EC0-301F-11D3-BF4B-00C04F79EFBC}") = "Pharmacy.Domain", "src\Pharmacy.Domain\Pharmacy.Domain.csproj", "{7FE23B54-F788-402D-8F8C-D5B67720FB2A}"
EndProject
Project("{FAE04EC0-301F-11D3-BF4B-00C04F79EFBC}") = "Pharmacy.Contracts", "src\Pharmacy.Contracts\Pharmacy.Contracts.csproj", "{7E1875D7-85B9-41C7-B1E6-1ADEBAE88CA5}"
EndProject
Project("{FAE04EC0-301F-11D3-BF4B-00C04F79EFBC}") = "Pharmacy.Shared", "src\Pharmacy.Shared\Pharmacy.Shared.csproj", "{C2DA60AF-1DED-42A1-A07A-201FFE9487F6}"
EndProject
Project("{FAE04EC0-301F-11D3-BF4B-00C04F79EFBC}") = "Pharmacy.Infrastructure", "src\Pharmacy.Infrastructure\Pharmacy.Infrastructure.csproj", "{329F3C8E-4FB4-46C1-97F7-578E579123B7}"
EndProject
Project("{2150E333-8FDC-42A3-9474-1A3956D46DE8}") = "tests", "tests", "{0AB3BF05-4346-4AA6-1389-037BE0695223}"
EndProject
Project("{FAE04EC0-301F-11D3-BF4B-00C04F79EFBC}") = "Pharmacy.UnitTests", "tests\Pharmacy.UnitTests\Pharmacy.UnitTests.csproj", "{A0BBB647-CDEA-41DA-9812-905A87BB8346}"
EndProject
Project("{FAE04EC0-301F-11D3-BF4B-00C04F79EFBC}") = "Pharmacy.IntegrationTests", "tests\Pharmacy.IntegrationTests\Pharmacy.IntegrationTests.csproj", "{C325FB69-EEA3-4C9D-90AA-F8A65CD87235}"
EndProject
Global
	GlobalSection(SolutionConfigurationPlatforms) = preSolution
		Debug|Any CPU = Debug|Any CPU
		Debug|x64 = Debug|x64
		Debug|x86 = Debug|x86
		Release|Any CPU = Release|Any CPU
		Release|x64 = Release|x64
		Release|x86 = Release|x86
	EndGlobalSection
	GlobalSection(ProjectConfigurationPlatforms) = postSolution
		{F93899EB-7661-4ADE-9C6C-28C37A95A358}.Debug|Any CPU.ActiveCfg = Debug|Any CPU
		{F93899EB-7661-4ADE-9C6C-28C37A95A358}.Debug|Any CPU.Build.0 = Debug|Any CPU
		{F93899EB-7661-4ADE-9C6C-28C37A95A358}.Debug|x64.ActiveCfg = Debug|Any CPU
		{F93899EB-7661-4ADE-9C6C-28C37A95A358}.Debug|x64.Build.0 = Debug|Any CPU
		{F93899EB-7661-4ADE-9C6C-28C37A95A358}.Debug|x86.ActiveCfg = Debug|Any CPU
		{F93899EB-7661-4ADE-9C6C-28C37A95A358}.Debug|x86.Build.0 = Debug|Any CPU
		{F93899EB-7661-4ADE-9C6C-28C37A95A358}.Release|Any CPU.ActiveCfg = Release|Any CPU
		{F93899EB-7661-4ADE-9C6C-28C37A95A358}.Release|Any CPU.Build.0 = Release|Any CPU
		{F93899EB-7661-4ADE-9C6C-28C37A95A358}.Release|x64.ActiveCfg = Release|Any CPU
		{F93899EB-7661-4ADE-9C6C-28C37A95A358}.Release|x64.Build.0 = Release|Any CPU
		{F93899EB-7661-4ADE-9C6C-28C37A95A358}.Release|x86.ActiveCfg = Release|Any CPU
		{F93899EB-7661-4ADE-9C6C-28C37A95A358}.Release|x86.Build.0 = Release|Any CPU
		{5E133975-AAC5-4751-B79F-633F0CE5B2AD}.Debug|Any CPU.ActiveCfg = Debug|Any CPU
		{5E133975-AAC5-4751-B79F-633F0CE5B2AD}.Debug|Any CPU.Build.0 = Debug|Any CPU
		{5E133975-AAC5-4751-B79F-633F0CE5B2AD}.Debug|x64.ActiveCfg = Debug|Any CPU
		{5E133975-AAC5-4751-B79F-633F0CE5B2AD}.Debug|x64.Build.0 = Debug|Any CPU
		{5E133975-AAC5-4751-B79F-633F0CE5B2AD}.Debug|x86.ActiveCfg = Debug|Any CPU
		{5E133975-AAC5-4751-B79F-633F0CE5B2AD}.Debug|x86.Build.0 = Debug|Any CPU
		{5E133975-AAC5-4751-B79F-633F0CE5B2AD}.Release|Any CPU.ActiveCfg = Release|Any CPU
		{5E133975-AAC5-4751-B79F-633F0CE5B2AD}.Release|Any CPU.Build.0 = Release|Any CPU
		{5E133975-AAC5-4751-B79F-633F0CE5B2AD}.Release|x64.ActiveCfg = Release|Any CPU
		{5E133975-AAC5-4751-B79F-633F0CE5B2AD}.Release|x64.Build.0 = Release|Any CPU
		{5E133975-AAC5-4751-B79F-633F0CE5B2AD}.Release|x86.ActiveCfg = Release|Any CPU
		{5E133975-AAC5-4751-B79F-633F0CE5B2AD}.Release|x86.Build.0 = Release|Any CPU
		{7FE23B54-F788-402D-8F8C-D5B67720FB2A}.Debug|Any CPU.ActiveCfg = Debug|Any CPU
		{7FE23B54-F788-402D-8F8C-D5B67720FB2A}.Debug|Any CPU.Build.0 = Debug|Any CPU
		{7FE23B54-F788-402D-8F8C-D5B67720FB2A}.Debug|x64.ActiveCfg = Debug|Any CPU
		{7FE23B54-F788-402D-8F8C-D5B67720FB2A}.Debug|x64.Build.0 = Debug|Any CPU
		{7FE23B54-F788-402D-8F8C-D5B67720FB2A}.Debug|x86.ActiveCfg = Debug|Any CPU
		{7FE23B54-F788-402D-8F8C-D5B67720FB2A}.Debug|x86.Build.0 = Debug|Any CPU
		{7FE23B54-F788-402D-8F8C-D5B67720FB2A}.Release|Any CPU.ActiveCfg = Release|Any CPU
		{7FE23B54-F788-402D-8F8C-D5B67720FB2A}.Release|Any CPU.Build.0 = Release|Any CPU
		{7FE23B54-F788-402D-8F8C-D5B67720FB2A}.Release|x64.ActiveCfg = Release|Any CPU
		{7FE23B54-F788-402D-8F8C-D5B67720FB2A}.Release|x64.Build.0 = Release|Any CPU
		{7FE23B54-F788-402D-8F8C-D5B67720FB2A}.Release|x86.ActiveCfg = Release|Any CPU
		{7FE23B54-F788-402D-8F8C-D5B67720FB2A}.Release|x86.Build.0 = Release|Any CPU
		{7E1875D7-85B9-41C7-B1E6-1ADEBAE88CA5}.Debug|Any CPU.ActiveCfg = Debug|Any CPU
		{7E1875D7-85B9-41C7-B1E6-1ADEBAE88CA5}.Debug|Any CPU.Build.0 = Debug|Any CPU
		{7E1875D7-85B9-41C7-B1E6-1ADEBAE88CA5}.Debug|x64.ActiveCfg = Debug|Any CPU
		{7E1875D7-85B9-41C7-B1E6-1ADEBAE88CA5}.Debug|x64.Build.0 = Debug|Any CPU
		{7E1875D7-85B9-41C7-B1E6-1ADEBAE88CA5}.Debug|x86.ActiveCfg = Debug|Any CPU
		{7E1875D7-85B9-41C7-B1E6-1ADEBAE88CA5}.Debug|x86.Build.0 = Debug|Any CPU
		{7E1875D7-85B9-41C7-B1E6-1ADEBAE88CA5}.Release|Any CPU.ActiveCfg = Release|Any CPU
		{7E1875D7-85B9-41C7-B1E6-1ADEBAE88CA5}.Release|Any CPU.Build.0 = Release|Any CPU
		{7E1875D7-85B9-41C7-B1E6-1ADEBAE88CA5}.Release|x64.ActiveCfg = Release|Any CPU
		{7E1875D7-85B9-41C7-B1E6-1ADEBAE88CA5}.Release|x64.Build.0 = Release|Any CPU
		{7E1875D7-85B9-41C7-B1E6-1ADEBAE88CA5}.Release|x86.ActiveCfg = Release|Any CPU
		{7E1875D7-85B9-41C7-B1E6-1ADEBAE88CA5}.Release|x86.Build.0 = Release|Any CPU
		{C2DA60AF-1DED-42A1-A07A-201FFE9487F6}.Debug|Any CPU.ActiveCfg = Debug|Any CPU
		{C2DA60AF-1DED-42A1-A07A-201FFE9487F6}.Debug|Any CPU.Build.0 = Debug|Any CPU
		{C2DA60AF-1DED-42A1-A07A-201FFE9487F6}.Debug|x64.ActiveCfg = Debug|Any CPU
		{C2DA60AF-1DED-42A1-A07A-201FFE9487F6}.Debug|x64.Build.0 = Debug|Any CPU
		{C2DA60AF-1DED-42A1-A07A-201FFE9487F6}.Debug|x86.ActiveCfg = Debug|Any CPU
		{C2DA60AF-1DED-42A1-A07A-201FFE9487F6}.Debug|x86.Build.0 = Debug|Any CPU
		{C2DA60AF-1DED-42A1-A07A-201FFE9487F6}.Release|Any CPU.ActiveCfg = Release|Any CPU
		{C2DA60AF-1DED-42A1-A07A-201FFE9487F6}.Release|Any CPU.Build.0 = Release|Any CPU
		{C2DA60AF-1DED-42A1-A07A-201FFE9487F6}.Release|x64.ActiveCfg = Release|Any CPU
		{C2DA60AF-1DED-42A1-A07A-201FFE9487F6}.Release|x64.Build.0 = Release|Any CPU
		{C2DA60AF-1DED-42A1-A07A-201FFE9487F6}.Release|x86.ActiveCfg = Release|Any CPU
		{C2DA60AF-1DED-42A1-A07A-201FFE9487F6}.Release|x86.Build.0 = Release|Any CPU
		{329F3C8E-4FB4-46C1-97F7-578E579123B7}.Debug|Any CPU.ActiveCfg = Debug|Any CPU
		{329F3C8E-4FB4-46C1-97F7-578E579123B7}.Debug|Any CPU.Build.0 = Debug|Any CPU
		{329F3C8E-4FB4-46C1-97F7-578E579123B7}.Debug|x64.ActiveCfg = Debug|Any CPU
		{329F3C8E-4FB4-46C1-97F7-578E579123B7}.Debug|x64.Build.0 = Debug|Any CPU
		{329F3C8E-4FB4-46C1-97F7-578E579123B7}.Debug|x86.ActiveCfg = Debug|Any CPU
		{329F3C8E-4FB4-46C1-97F7-578E579123B7}.Debug|x86.Build.0 = Debug|Any CPU
		{329F3C8E-4FB4-46C1-97F7-578E579123B7}.Release|Any CPU.ActiveCfg = Release|Any CPU
		{329F3C8E-4FB4-46C1-97F7-578E579123B7}.Release|Any CPU.Build.0 = Release|Any CPU
		{329F3C8E-4FB4-46C1-97F7-578E579123B7}.Release|x64.ActiveCfg = Release|Any CPU
		{329F3C8E-4FB4-46C1-97F7-578E579123B7}.Release|x64.Build.0 = Release|Any CPU
		{329F3C8E-4FB4-46C1-97F7-578E579123B7}.Release|x86.ActiveCfg = Release|Any CPU
		{329F3C8E-4FB4-46C1-97F7-578E579123B7}.Release|x86.Build.0 = Release|Any CPU
		{A0BBB647-CDEA-41DA-9812-905A87BB8346}.Debug|Any CPU.ActiveCfg = Debug|Any CPU
		{A0BBB647-CDEA-41DA-9812-905A87BB8346}.Debug|Any CPU.Build.0 = Debug|Any CPU
		{A0BBB647-CDEA-41DA-9812-905A87BB8346}.Debug|x64.ActiveCfg = Debug|Any CPU
		{A0BBB647-CDEA-41DA-9812-905A87BB8346}.Debug|x64.Build.0 = Debug|Any CPU
		{A0BBB647-CDEA-41DA-9812-905A87BB8346}.Debug|x86.ActiveCfg = Debug|Any CPU
		{A0BBB647-CDEA-41DA-9812-905A87BB8346}.Debug|x86.Build.0 = Debug|Any CPU
		{A0BBB647-CDEA-41DA-9812-905A87BB8346}.Release|Any CPU.ActiveCfg = Release|Any CPU
		{A0BBB647-CDEA-41DA-9812-905A87BB8346}.Release|Any CPU.Build.0 = Release|Any CPU
		{A0BBB647-CDEA-41DA-9812-905A87BB8346}.Release|x64.ActiveCfg = Release|Any CPU
		{A0BBB647-CDEA-41DA-9812-905A87BB8346}.Release|x64.Build.0 = Release|Any CPU
		{A0BBB647-CDEA-41DA-9812-905A87BB8346}.Release|x86.ActiveCfg = Release|Any CPU
		{A0BBB647-CDEA-41DA-9812-905A87BB8346}.Release|x86.Build.0 = Release|Any CPU
		{C325FB69-EEA3-4C9D-90AA-F8A65CD87235}.Debug|Any CPU.ActiveCfg = Debug|Any CPU
		{C325FB69-EEA3-4C9D-90AA-F8A65CD87235}.Debug|Any CPU.Build.0 = Debug|Any CPU
		{C325FB69-EEA3-4C9D-90AA-F8A65CD87235}.Debug|x64.ActiveCfg = Debug|Any CPU
		{C325FB69-EEA3-4C9D-90AA-F8A65CD87235}.Debug|x64.Build.0 = Debug|Any CPU
		{C325FB69-EEA3-4C9D-90AA-F8A65CD87235}.Debug|x86.ActiveCfg = Debug|Any CPU
		{C325FB69-EEA3-4C9D-90AA-F8A65CD87235}.Debug|x86.Build.0 = Debug|Any CPU
		{C325FB69-EEA3-4C9D-90AA-F8A65CD87235}.Release|Any CPU.ActiveCfg = Release|Any CPU
		{C325FB69-EEA3-4C9D-90AA-F8A65CD87235}.Release|Any CPU.Build.0 = Release|Any CPU
		{C325FB69-EEA3-4C9D-90AA-F8A65CD87235}.Release|x64.ActiveCfg = Release|Any CPU
		{C325FB69-EEA3-4C9D-90AA-F8A65CD87235}.Release|x64.Build.0 = Release|Any CPU
		{C325FB69-EEA3-4C9D-90AA-F8A65CD87235}.Release|x86.ActiveCfg = Release|Any CPU
		{C325FB69-EEA3-4C9D-90AA-F8A65CD87235}.Release|x86.Build.0 = Release|Any CPU
	EndGlobalSection
	GlobalSection(SolutionProperties) = preSolution
		HideSolutionNode = FALSE
	EndGlobalSection
	GlobalSection(NestedProjects) = preSolution
		{F93899EB-7661-4ADE-9C6C-28C37A95A358} = {827E0CD3-B72D-47B6-A68D-7590B98EB39B}
		{5E133975-AAC5-4751-B79F-633F0CE5B2AD} = {827E0CD3-B72D-47B6-A68D-7590B98EB39B}
		{7FE23B54-F788-402D-8F8C-D5B67720FB2A} = {827E0CD3-B72D-47B6-A68D-7590B98EB39B}
		{7E1875D7-85B9-41C7-B1E6-1ADEBAE88CA5} = {827E0CD3-B72D-47B6-A68D-7590B98EB39B}
		{C2DA60AF-1DED-42A1-A07A-201FFE9487F6} = {827E0CD3-B72D-47B6-A68D-7590B98EB39B}
		{329F3C8E-4FB4-46C1-97F7-578E579123B7} = {827E0CD3-B72D-47B6-A68D-7590B98EB39B}
		{A0BBB647-CDEA-41DA-9812-905A87BB8346} = {0AB3BF05-4346-4AA6-1389-037BE0695223}
		{C325FB69-EEA3-4C9D-90AA-F8A65CD87235} = {0AB3BF05-4346-4AA6-1389-037BE0695223}
	EndGlobalSection
EndGlobal
